
Microsoft Visual Studio Solution File, Format Version 12.00
# Visual Studio 15
VisualStudioVersion = 15.0.27703.2035
MinimumVisualStudioVersion = 10.0.40219.1
Project("{FAE04EC0-301F-11D3-BF4B-00C04F79EFBC}") = "WebServiceReader", "WebServiceReader\WebServiceReader.csproj", "{0FCEC98F-ADA0-4937-A074-09E1A7662021}"
EndProject
Global
	GlobalSection(SolutionConfigurationPlatforms) = preSolution
		Debug|Any CPU = Debug|Any CPU
		Release|Any CPU = Release|Any CPU
	EndGlobalSection
	GlobalSection(ProjectConfigurationPlatforms) = postSolution
		{0FCEC98F-ADA0-4937-A074-09E1A7662021}.Debug|Any CPU.ActiveCfg = Debug|Any CPU
		{0FCEC98F-ADA0-4937-A074-09E1A7662021}.Debug|Any CPU.Build.0 = Debug|Any CPU
		{0FCEC98F-ADA0-4937-A074-09E1A7662021}.Release|Any CPU.ActiveCfg = Release|Any CPU
		{0FCEC98F-ADA0-4937-A074-09E1A7662021}.Release|Any CPU.Build.0 = Release|Any CPU
	EndGlobalSection
	GlobalSection(SolutionProperties) = preSolution
		HideSolutionNode = FALSE
	EndGlobalSection
	GlobalSection(ExtensibilityGlobals) = postSolution
		SolutionGuid = {B40DB819-198B-4C53-92F0-C9EC309BB347}
	EndGlobalSection
EndGlobal
